{
  "version": 1,
  "dependencies": {
    "net10.0-windows7.0": {
      "DotNet.ReproducibleBuilds": {
        "type": "Direct",
        "requested": "[1.2.39, )",
        "resolved": "1.2.39",
        "contentHash": "fcFN01tDTIQqDuTwr1jUQK/geofiwjG5DycJQOnC72i1SsLAk1ELe+apBOuZ11UMQG8YKFZG1FgvjZPbqHyatg=="
      },
      "Blake3": {
        "type": "Transitive",
        "resolved": "2.2.1",
        "contentHash": "HfNW2Iiy4hCaVDVGFEyk0mks+M5HSU3O8O517LyYkI6FFuj2jpvNlag4kGQFDSRmJi4/axgOei8k02NKq/uoDg=="
      },
      "K4os.Compression.LZ4": {
        "type": "Transitive",
        "resolved": "1.3.8",
        "contentHash": "LhwlPa7c1zs1OV2XadMtAWdImjLIsqFJPoRcIWAadSRn0Ri1DepK65UbWLPmt4riLqx2d40xjXRk0ogpqNtK7g=="
      },
      "K4os.Compression.LZ4.Legacy": {
        "type": "Transitive",
        "resolved": "1.3.8",
        "contentHash": "+82CK5zXbGjMnVLm2JJpsSAz3+4CRcMmxUDOmehUh1bDjrmpnc5VHxB14hiV1lXtqe53lNI+O76BQvgWhgI66g==",
        "dependencies": {
          "K4os.Compression.LZ4": "1.3.8"
        }
      },
      "Newtonsoft.Json": {
        "type": "Transitive",
        "resolved": "13.0.4",
        "contentHash": "pdgNNMai3zv51W5aq268sujXUyx7SNdE2bj1wZcWjAQrKMFZV260lbqYop1d2GM67JI1huLRwxo9ZqnfF/lC6A=="
      },
      "Stagehand.Definitions": {
        "type": "Transitive",
        "resolved": "0.4.10",
        "contentHash": "6IkxoTPrR7vshA8BQAme82wpkXAuf+lIDaNvvbuAWozRShHZr0utdZXSaYl/SVaDQEWh5poK5XBEov0yKA2oBA=="
      },
      "poser.application": {
        "type": "Project",
        "dependencies": {
          "Poser.Documents": "[1.0.0, )",
          "Poser.Domain": "[1.0.0, )"
        }
      },
      "poser.documents": {
        "type": "Project",
        "dependencies": {
          "Blake3": "[2.2.1, )",
          "K4os.Compression.LZ4.Legacy": "[1.3.8, )",
          "Newtonsoft.Json": "[13.0.4, )",
          "Poser.Domain": "[1.0.0, )",
          "Stagehand.Definitions": "[0.4.10, )"
        }
      },
      "poser.domain": {
        "type": "Project"
      }
    }
  }
}