{
  "version": 1,
  "dependencies": {
    "net10.0-windows7.0": {
      "DotNet.ReproducibleBuilds": {
        "type": "Direct",
        "requested": "[1.2.39, )",
        "resolved": "1.2.39",
        "contentHash": "fcFN01tDTIQqDuTwr1jUQK/geofiwjG5DycJQOnC72i1SsLAk1ELe+apBOuZ11UMQG8YKFZG1FgvjZPbqHyatg=="
      },
      "K4os.Compression.LZ4.Legacy": {
        "type": "Direct",
        "requested": "[1.3.8, )",
        "resolved": "1.3.8",
        "contentHash": "+82CK5zXbGjMnVLm2JJpsSAz3+4CRcMmxUDOmehUh1bDjrmpnc5VHxB14hiV1lXtqe53lNI+O76BQvgWhgI66g==",
        "dependencies": {
          "K4os.Compression.LZ4": "1.3.8"
        }
      },
      "KamiToolKit": {
        "type": "Direct",
        "requested": "[1.1.17, )",
        "resolved": "1.1.17",
        "contentHash": "ECMa5erA5dyvy63BF8yNbGRbWLahu4+BXwIFDQPgITr8jF3efzxMHUzYrTTqzcmpm5mBRCnTBTp2nHgdymCd9w==",
        "dependencies": {
          "SixLabors.ImageSharp": "3.1.12"
        }
      },
      "K4os.Compression.LZ4": {
        "type": "Transitive",
        "resolved": "1.3.8",
        "contentHash": "LhwlPa7c1zs1OV2XadMtAWdImjLIsqFJPoRcIWAadSRn0Ri1DepK65UbWLPmt4riLqx2d40xjXRk0ogpqNtK7g=="
      },
      "SixLabors.ImageSharp": {
        "type": "Transitive",
        "resolved": "3.1.12",
        "contentHash": "iAg6zifihXEFS/t7fiHhZBGAdCp3FavsF4i2ZIDp0JfeYeDVzvmlbY1CNhhIKimaIzrzSi5M/NBFcWvZT2rB/A=="
      },
      "poser.application": {
        "type": "Project",
        "dependencies": {
          "Poser.Domain": "[1.0.0, )"
        }
      },
      "poser.core": {
        "type": "Project",
        "dependencies": {
          "Poser.Domain": "[1.0.0, )"
        }
      },
      "poser.domain": {
        "type": "Project"
      }
    }
  }
}